
Microsoft Visual Studio Solution File, Format Version 12.00
# Visual Studio Version 17
VisualStudioVersion = 17.4.33403.182
MinimumVisualStudioVersion = 10.0.40219.1
Project("{888888A0-9F3D-457C-B088-3A5042F75D52}") = "VideoEditor", "VideoEditor\VideoEditor.pyproj", "{CA4D8783-C5D7-42C9-862A-F9FDD9A483D0}"
EndProject
Global
	GlobalSection(SolutionConfigurationPlatforms) = preSolution
		Debug|Any CPU = Debug|Any CPU
		Release|Any CPU = Release|Any CPU
	EndGlobalSection
	GlobalSection(ProjectConfigurationPlatforms) = postSolution
		{CA4D8783-C5D7-42C9-862A-F9FDD9A483D0}.Debug|Any CPU.ActiveCfg = Debug|Any CPU
		{CA4D8783-C5D7-42C9-862A-F9FDD9A483D0}.Release|Any CPU.ActiveCfg = Release|Any CPU
	EndGlobalSection
	GlobalSection(SolutionProperties) = preSolution
		HideSolutionNode = FALSE
	EndGlobalSection
	GlobalSection(ExtensibilityGlobals) = postSolution
		SolutionGuid = {9890F352-027E-415A-BC33-852111054CBF}
	EndGlobalSection
EndGlobal
